
Microsoft Visual Studio Solution File, Format Version 12.00
# Visual Studio Version 16
VisualStudioVersion = 16.0.31005.135
MinimumVisualStudioVersion = 10.0.40219.1
Project("{9A19103F-16F7-4668-BE54-9A1E7A4F7556}") = "Serials.Core", "Serials.Core\Serials.Core.csproj", "{F56CCC18-E2E1-4975-AB1E-31EB47EC31F2}"
EndProject
Project("{9A19103F-16F7-4668-BE54-9A1E7A4F7556}") = "Serials.Data", "Serials.Data\Serials.Data.csproj", "{8DA35C0F-2FB0-4001-B42E-19D70405A8BE}"
EndProject
Project("{9A19103F-16F7-4668-BE54-9A1E7A4F7556}") = "Serials.Services", "Serials.Services\Serials.Services.csproj", "{D3F6D8B2-B6D6-4365-A131-B67B3BBCD5E0}"
EndProject
Project("{FAE04EC0-301F-11D3-BF4B-00C04F79EFBC}") = "Serials.Mvc.Razor", "Serials.Mvc.Razor\Serials.Mvc.Razor.csproj", "{AB5A8303-A34D-4252-9119-FEEE88976A4F}"
EndProject
Global
	GlobalSection(SolutionConfigurationPlatforms) = preSolution
		Debug|Any CPU = Debug|Any CPU
		Release|Any CPU = Release|Any CPU
	EndGlobalSection
	GlobalSection(ProjectConfigurationPlatforms) = postSolution
		{F56CCC18-E2E1-4975-AB1E-31EB47EC31F2}.Debug|Any CPU.ActiveCfg = Debug|Any CPU
		{F56CCC18-E2E1-4975-AB1E-31EB47EC31F2}.Debug|Any CPU.Build.0 = Debug|Any CPU
		{F56CCC18-E2E1-4975-AB1E-31EB47EC31F2}.Release|Any CPU.ActiveCfg = Release|Any CPU
		{F56CCC18-E2E1-4975-AB1E-31EB47EC31F2}.Release|Any CPU.Build.0 = Release|Any CPU
		{8DA35C0F-2FB0-4001-B42E-19D70405A8BE}.Debug|Any CPU.ActiveCfg = Debug|Any CPU
		{8DA35C0F-2FB0-4001-B42E-19D70405A8BE}.Debug|Any CPU.Build.0 = Debug|Any CPU
		{8DA35C0F-2FB0-4001-B42E-19D70405A8BE}.Release|Any CPU.ActiveCfg = Release|Any CPU
		{8DA35C0F-2FB0-4001-B42E-19D70405A8BE}.Release|Any CPU.Build.0 = Release|Any CPU
		{D3F6D8B2-B6D6-4365-A131-B67B3BBCD5E0}.Debug|Any CPU.ActiveCfg = Debug|Any CPU
		{D3F6D8B2-B6D6-4365-A131-B67B3BBCD5E0}.Debug|Any CPU.Build.0 = Debug|Any CPU
		{D3F6D8B2-B6D6-4365-A131-B67B3BBCD5E0}.Release|Any CPU.ActiveCfg = Release|Any CPU
		{D3F6D8B2-B6D6-4365-A131-B67B3BBCD5E0}.Release|Any CPU.Build.0 = Release|Any CPU
		{AB5A8303-A34D-4252-9119-FEEE88976A4F}.Debug|Any CPU.ActiveCfg = Debug|Any CPU
		{AB5A8303-A34D-4252-9119-FEEE88976A4F}.Debug|Any CPU.Build.0 = Debug|Any CPU
		{AB5A8303-A34D-4252-9119-FEEE88976A4F}.Release|Any CPU.ActiveCfg = Release|Any CPU
		{AB5A8303-A34D-4252-9119-FEEE88976A4F}.Release|Any CPU.Build.0 = Release|Any CPU
	EndGlobalSection
	GlobalSection(SolutionProperties) = preSolution
		HideSolutionNode = FALSE
	EndGlobalSection
	GlobalSection(ExtensibilityGlobals) = postSolution
		SolutionGuid = {1D7C4D1B-D4CE-485F-B3C3-7AA4A0D12007}
	EndGlobalSection
EndGlobal
